
Microsoft Visual Studio Solution File, Format Version 12.00
# Visual Studio Version 17
VisualStudioVersion = 17.9.34728.123
MinimumVisualStudioVersion = 10.0.40219.1
Project("{FAE04EC0-301F-11D3-BF4B-00C04F79EFBC}") = "ConsoleApp6", "ConsoleApp6\ConsoleApp6.csproj", "{CCEB2A96-4194-4ED7-A5BA-93AAC4B3B4CD}"
EndProject
Global
	GlobalSection(SolutionConfigurationPlatforms) = preSolution
		Debug|Any CPU = Debug|Any CPU
		Release|Any CPU = Release|Any CPU
	EndGlobalSection
	GlobalSection(ProjectConfigurationPlatforms) = postSolution
		{CCEB2A96-4194-4ED7-A5BA-93AAC4B3B4CD}.Debug|Any CPU.ActiveCfg = Debug|Any CPU
		{CCEB2A96-4194-4ED7-A5BA-93AAC4B3B4CD}.Debug|Any CPU.Build.0 = Debug|Any CPU
		{CCEB2A96-4194-4ED7-A5BA-93AAC4B3B4CD}.Release|Any CPU.ActiveCfg = Release|Any CPU
		{CCEB2A96-4194-4ED7-A5BA-93AAC4B3B4CD}.Release|Any CPU.Build.0 = Release|Any CPU
	EndGlobalSection
	GlobalSection(SolutionProperties) = preSolution
		HideSolutionNode = FALSE
	EndGlobalSection
	GlobalSection(ExtensibilityGlobals) = postSolution
		SolutionGuid = {4FF6FC42-6AF7-4395-A6BD-D0895E152C62}
	EndGlobalSection
EndGlobal
